{
  "name": "hello",
  "version": "1.0.0",
  "lockfileVersion": 1,
  "requires": true,
  "dependencies": {
    "random-name": {
      "version": "0.1.2",
      "resolved": "https://registry.npmjs.org/random-name/-/random-name-0.1.2.tgz",
      "integrity": "sha1-IKGtDvzpl2dkxd08QYxwGLV+gW0="
    }
  }
}
